// !$*UTF8*$!
{
	archiveVersion = 1;
	classes = {
	};
	objectVersion = 50;
	objects = {

/* Begin PBXBuildFile section */
		A041DF6226575B3700C41FEA /* AppDelegate.swift in Sources */ = {isa = PBXBuildFile; fileRef = A041DF6126575B3700C41FEA /* AppDelegate.swift */; };
		A041DF6426575B3700C41FEA /* SceneDelegate.swift in Sources */ = {isa = PBXBuildFile; fileRef = A041DF6326575B3700C41FEA /* SceneDelegate.swift */; };
		A041DF6626575B3700C41FEA /* ViewController.swift in Sources */ = {isa = PBXBuildFile; fileRef = A041DF6526575B3700C41FEA /* ViewController.swift */; };
		A041DF6926575B3700C41FEA /* Main.storyboard in Resources */ = {isa = PBXBuildFile; fileRef = A041DF6726575B3700C41FEA /* Main.storyboard */; };
		A041DF6C26575B3700C41FEA /* ToDoList.xcdatamodeld in Sources */ = {isa = PBXBuildFile; fileRef = A041DF6A26575B3700C41FEA /* ToDoList.xcdatamodeld */; };
		A041DF6E26575B3800C41FEA /* Assets.xcassets in Resources */ = {isa = PBXBuildFile; fileRef = A041DF6D26575B3800C41FEA /* Assets.xcassets */; };
		A041DF7126575B3800C41FEA /* LaunchScreen.storyboard in Resources */ = {isa = PBXBuildFile; fileRef = A041DF6F26575B3800C41FEA /* LaunchScreen.storyboard */; };
		A041DF7C26575B3800C41FEA /* ToDoListTests.swift in Sources */ = {isa = PBXBuildFile; fileRef = A041DF7B26575B3800C41FEA /* ToDoListTests.swift */; };
		A041DF8726575B3800C41FEA /* ToDoListUITests.swift in Sources */ = {isa = PBXBuildFile; fileRef = A041DF8626575B3800C41FEA /* ToDoListUITests.swift */; };
/* End PBXBuildFile section */

/* Begin PBXContainerItemProxy section */
		A041DF7826575B3800C41FEA /* PBXContainerItemProxy */ = {
			isa = PBXContainerItemProxy;
			containerPortal = A041DF5626575B3700C41FEA /* Project object */;
			proxyType = 1;
			remoteGlobalIDString = A041DF5D26575B3700C41FEA;
			remoteInfo = ToDoList;
		};
		A041DF8326575B3800C41FEA /* PBXContainerItemProxy */ = {
			isa = PBXContainerItemProxy;
			containerPortal = A041DF5626575B3700C41FEA /* Project object */;
			proxyType = 1;
			remoteGlobalIDString = A041DF5D26575B3700C41FEA;
			remoteInfo = ToDoList;
		};
/* End PBXContainerItemProxy section */

/* Begin PBXFileReference section */
		A041DF5E26575B3700C41FEA /* ToDoList.app */ = {isa = PBXFileReference; explicitFileType = wrapper.application; includeInIndex = 0; path = ToDoList.app; sourceTree = BUILT_PRODUCTS_DIR; };
		A041DF6126575B3700C41FEA /* AppDelegate.swift */ = {isa = PBXFileReference; lastKnownFileType = sourcecode.swift; path = AppDelegate.swift; sourceTree = "<group>"; };
		A041DF6326575B3700C41FEA /* SceneDelegate.swift */ = {isa = PBXFileReference; lastKnownFileType = sourcecode.swift; path = SceneDelegate.swift; sourceTree = "<group>"; };
		A041DF6526575B3700C41FEA /* ViewController.swift */ = {isa = PBXFileReference; lastKnownFileType = sourcecode.swift; path = ViewController.swift; sourceTree = "<group>"; };
		A041DF6826575B3700C41FEA /* Base */ = {isa = PBXFileReference; lastKnownFileType = file.storyboard; name = Base; path = Base.lproj/Main.storyboard; sourceTree = "<group>"; };
		A041DF6B26575B3700C41FEA /* ToDoList.xcdatamodel */ = {isa = PBXFileReference; lastKnownFileType = wrapper.xcdatamodel; path = ToDoList.xcdatamodel; sourceTree = "<group>"; };
		A041DF6D26575B3800C41FEA /* Assets.xcassets */ = {isa = PBXFileReference; lastKnownFileType = folder.assetcatalog; path = Assets.xcassets; sourceTree = "<group>"; };
		A041DF7026575B3800C41FEA /* Base */ = {isa = PBXFileReference; lastKnownFileType = file.storyboard; name = Base; path = Base.lproj/LaunchScreen.storyboard; sourceTree = "<group>"; };
		A041DF7226575B3800C41FEA /* Info.plist */ = {isa = PBXFileReference; lastKnownFileType = text.plist.xml; path = Info.plist; sourceTree = "<group>"; };
		A041DF7726575B3800C41FEA /* ToDoListTests.xctest */ = {isa = PBXFileReference; explicitFileType = wrapper.cfbundle; includeInIndex = 0; path = ToDoListTests.xctest; sourceTree = BUILT_PRODUCTS_DIR; };
		A041DF7B26575B3800C41FEA /* ToDoListTests.swift */ = {isa = PBXFileReference; lastKnownFileType = sourcecode.swift; path = ToDoListTests.swift; sourceTree = "<group>"; };
		A041DF7D26575B3800C41FEA /* Info.plist */ = {isa = PBXFileReference; lastKnownFileType = text.plist.xml; path = Info.plist; sourceTree = "<group>"; };
		A041DF8226575B3800C41FEA /* ToDoListUITests.xctest */ = {isa = PBXFileReference; explicitFileType = wrapper.cfbundle; includeInIndex = 0; path = ToDoListUITests.xctest; sourceTree = BUILT_PRODUCTS_DIR; };
		A041DF8626575B3800C41FEA /* ToDoListUITests.swift */ = {isa = PBXFileReference; lastKnownFileType = sourcecode.swift; path = ToDoListUITests.swift; sourceTree = "<group>"; };
		A041DF8826575B3800C41FEA /* Info.plist */ = {isa = PBXFileReference; lastKnownFileType = text.plist.xml; path = Info.plist; sourceTree = "<group>"; };
/* End PBXFileReference section */

/* Begin PBXFrameworksBuildPhase section */
		A041DF5B26575B3700C41FEA /* Frameworks */ = {
			isa = PBXFrameworksBuildPhase;
			buildActionMask = 2147483647;
			files = (
			);
			runOnlyForDeploymentPostprocessing = 0;
		};
		A041DF7426575B3800C41FEA /* Frameworks */ = {
			isa = PBXFrameworksBuildPhase;
			buildActionMask = 2147483647;
			files = (
			);
			runOnlyForDeploymentPostprocessing = 0;
		};
		A041DF7F26575B3800C41FEA /* Frameworks */ = {
			isa = PBXFrameworksBuildPhase;
			buildActionMask = 2147483647;
			files = (
			);
			runOnlyForDeploymentPostprocessing = 0;
		};
/* End PBXFrameworksBuildPhase section */

/* Begin PBXGroup section */
		A041DF5526575B3700C41FEA = {
			isa = PBXGroup;
			children = (
				A041DF6026575B3700C41FEA /* ToDoList */,
				A041DF7A26575B3800C41FEA /* ToDoListTests */,
				A041DF8526575B3800C41FEA /* ToDoListUITests */,
				A041DF5F26575B3700C41FEA /* Products */,
			);
			sourceTree = "<group>";
		};
		A041DF5F26575B3700C41FEA /* Products */ = {
			isa = PBXGroup;
			children = (
				A041DF5E26575B3700C41FEA /* ToDoList.app */,
				A041DF7726575B3800C41FEA /* ToDoListTests.xctest */,
				A041DF8226575B3800C41FEA /* ToDoListUITests.xctest */,
			);
			name = Products;
			sourceTree = "<group>";
		};
		A041DF6026575B3700C41FEA /* ToDoList */ = {
			isa = PBXGroup;
			children = (
				A041DF6126575B3700C41FEA /* AppDelegate.swift */,
				A041DF6326575B3700C41FEA /* SceneDelegate.swift */,
				A041DF6526575B3700C41FEA /* ViewController.swift */,
				A041DF6726575B3700C41FEA /* Main.storyboard */,
				A041DF6D26575B3800C41FEA /* Assets.xcassets */,
				A041DF6F26575B3800C41FEA /* LaunchScreen.storyboard */,
				A041DF7226575B3800C41FEA /* Info.plist */,
				A041DF6A26575B3700C41FEA /* ToDoList.xcdatamodeld */,
			);
			path = ToDoList;
			sourceTree = "<group>";
		};
		A041DF7A26575B3800C41FEA /* ToDoListTests */ = {
			isa = PBXGroup;
			children = (
				A041DF7B26575B3800C41FEA /* ToDoListTests.swift */,
				A041DF7D26575B3800C41FEA /* Info.plist */,
			);
			path = ToDoListTests;
			sourceTree = "<group>";
		};
		A041DF8526575B3800C41FEA /* ToDoListUITests */ = {
			isa = PBXGroup;
			children = (
				A041DF8626575B3800C41FEA /* ToDoListUITests.swift */,
				A041DF8826575B3800C41FEA /* Info.plist */,
			);
			path = ToDoListUITests;
			sourceTree = "<group>";
		};
/* End PBXGroup section */

/* Begin PBXNativeTarget section */
		A041DF5D26575B3700C41FEA /* ToDoList */ = {
			isa = PBXNativeTarget;
			buildConfigurationList = A041DF8B26575B3800C41FEA /* Build configuration list for PBXNativeTarget "ToDoList" */;
			buildPhases = (
				A041DF5A26575B3700C41FEA /* Sources */,
				A041DF5B26575B3700C41FEA /* Frameworks */,
				A041DF5C26575B3700C41FEA /* Resources */,
			);
			buildRules = (
			);
			dependencies = (
			);
			name = ToDoList;
			productName = ToDoList;
			productReference = A041DF5E26575B3700C41FEA /* ToDoList.app */;
			productType = "com.apple.product-type.application";
		};
		A041DF7626575B3800C41FEA /* ToDoListTests */ = {
			isa = PBXNativeTarget;
			buildConfigurationList = A041DF8E26575B3800C41FEA /* Build configuration list for PBXNativeTarget "ToDoListTests" */;
			buildPhases = (
				A041DF7326575B3800C41FEA /* Sources */,
				A041DF7426575B3800C41FEA /* Frameworks */,
				A041DF7526575B3800C41FEA /* Resources */,
			);
			buildRules = (
			);
			dependencies = (
				A041DF7926575B3800C41FEA /* PBXTargetDependency */,
			);
			name = ToDoListTests;
			productName = ToDoListTests;
			productReference = A041DF7726575B3800C41FEA /* ToDoListTests.xctest */;
			productType = "com.apple.product-type.bundle.unit-test";
		};
		A041DF8126575B3800C41FEA /* ToDoListUITests */ = {
			isa = PBXNativeTarget;
			buildConfigurationList = A041DF9126575B3800C41FEA /* Build configuration list for PBXNativeTarget "ToDoListUITests" */;
			buildPhases = (
				A041DF7E26575B3800C41FEA /* Sources */,
				A041DF7F26575B3800C41FEA /* Frameworks */,
				A041DF8026575B3800C41FEA /* Resources */,
			);
			buildRules = (
			);
			dependencies = (
				A041DF8426575B3800C41FEA /* PBXTargetDependency */,
			);
			name = ToDoListUITests;
			productName = ToDoListUITests;
			productReference = A041DF8226575B3800C41FEA /* ToDoListUITests.xctest */;
			productType = "com.apple.product-type.bundle.ui-testing";
		};
/* End PBXNativeTarget section */

/* Begin PBXProject section */
		A041DF5626575B3700C41FEA /* Project object */ = {
			isa = PBXProject;
			attributes = {
				LastSwiftUpdateCheck = 1240;
				LastUpgradeCheck = 1240;
				TargetAttributes = {
					A041DF5D26575B3700C41FEA = {
						CreatedOnToolsVersion = 12.4;
					};
					A041DF7626575B3800C41FEA = {
						CreatedOnToolsVersion = 12.4;
						TestTargetID = A041DF5D26575B3700C41FEA;
					};
					A041DF8126575B3800C41FEA = {
						CreatedOnToolsVersion = 12.4;
						TestTargetID = A041DF5D26575B3700C41FEA;
					};
				};
			};
			buildConfigurationList = A041DF5926575B3700C41FEA /* Build configuration list for PBXProject "ToDoList" */;
			compatibilityVersion = "Xcode 9.3";
			developmentRegion = en;
			hasScannedForEncodings = 0;
			knownRegions = (
				en,
				Base,
			);
			mainGroup = A041DF5526575B3700C41FEA;
			productRefGroup = A041DF5F26575B3700C41FEA /* Products */;
			projectDirPath = "";
			projectRoot = "";
			targets = (
				A041DF5D26575B3700C41FEA /* ToDoList */,
				A041DF7626575B3800C41FEA /* ToDoListTests */,
				A041DF8126575B3800C41FEA /* ToDoListUITests */,
			);
		};
/* End PBXProject section */

/* Begin PBXResourcesBuildPhase section */
		A041DF5C26575B3700C41FEA /* Resources */ = {
			isa = PBXResourcesBuildPhase;
			buildActionMask = 2147483647;
			files = (
				A041DF7126575B3800C41FEA /* LaunchScreen.storyboard in Resources */,
				A041DF6E26575B3800C41FEA /* Assets.xcassets in Resources */,
				A041DF6926575B3700C41FEA /* Main.storyboard in Resources */,
			);
			runOnlyForDeploymentPostprocessing = 0;
		};
		A041DF7526575B3800C41FEA /* Resources */ = {
			isa = PBXResourcesBuildPhase;
			buildActionMask = 2147483647;
			files = (
			);
			runOnlyForDeploymentPostprocessing = 0;
		};
		A041DF8026575B3800C41FEA /* Resources */ = {
			isa = PBXResourcesBuildPhase;
			buildActionMask = 2147483647;
			files = (
			);
			runOnlyForDeploymentPostprocessing = 0;
		};
/* End PBXResourcesBuildPhase section */

/* Begin PBXSourcesBuildPhase section */
		A041DF5A26575B3700C41FEA /* Sources */ = {
			isa = PBXSourcesBuildPhase;
			buildActionMask = 2147483647;
			files = (
				A041DF6626575B3700C41FEA /* ViewController.swift in Sources */,
				A041DF6226575B3700C41FEA /* AppDelegate.swift in Sources */,
				A041DF6426575B3700C41FEA /* SceneDelegate.swift in Sources */,
				A041DF6C26575B3700C41FEA /* ToDoList.xcdatamodeld in Sources */,
			);
			runOnlyForDeploymentPostprocessing = 0;
		};
		A041DF7326575B3800C41FEA /* Sources */ = {
			isa = PBXSourcesBuildPhase;
			buildActionMask = 2147483647;
			files = (
				A041DF7C26575B3800C41FEA /* ToDoListTests.swift in Sources */,
			);
			runOnlyForDeploymentPostprocessing = 0;
		};
		A041DF7E26575B3800C41FEA /* Sources */ = {
			isa = PBXSourcesBuildPhase;
			buildActionMask = 2147483647;
			files = (
				A041DF8726575B3800C41FEA /* ToDoListUITests.swift in Sources */,
			);
			runOnlyForDeploymentPostprocessing = 0;
		};
/* End PBXSourcesBuildPhase section */

/* Begin PBXTargetDependency section */
		A041DF7926575B3800C41FEA /* PBXTargetDependency */ = {
			isa = PBXTargetDependency;
			target = A041DF5D26575B3700C41FEA /* ToDoList */;
			targetProxy = A041DF7826575B3800C41FEA /* PBXContainerItemProxy */;
		};
		A041DF8426575B3800C41FEA /* PBXTargetDependency */ = {
			isa = PBXTargetDependency;
			target = A041DF5D26575B3700C41FEA /* ToDoList */;
			targetProxy = A041DF8326575B3800C41FEA /* PBXContainerItemProxy */;
		};
/* End PBXTargetDependency section */

/* Begin PBXVariantGroup section */
		A041DF6726575B3700C41FEA /* Main.storyboard */ = {
			isa = PBXVariantGroup;
			children = (
				A041DF6826575B3700C41FEA /* Base */,
			);
			name = Main.storyboard;
			sourceTree = "<group>";
		};
		A041DF6F26575B3800C41FEA /* LaunchScreen.storyboard */ = {
			isa = PBXVariantGroup;
			children = (
				A041DF7026575B3800C41FEA /* Base */,
			);
			name = LaunchScreen.storyboard;
			sourceTree = "<group>";
		};
/* End PBXVariantGroup section */

/* Begin XCBuildConfiguration section */
		A041DF8926575B3800C41FEA /* Debug */ = {
			isa = XCBuildConfiguration;
			buildSettings = {
				ALWAYS_SEARCH_USER_PATHS = NO;
				CLANG_ANALYZER_NONNULL = YES;
				CLANG_ANALYZER_NUMBER_OBJECT_CONVERSION = YES_AGGRESSIVE;
				CLANG_CXX_LANGUAGE_STANDARD = "gnu++14";
				CLANG_CXX_LIBRARY = "libc++";
				CLANG_ENABLE_MODULES = YES;
				CLANG_ENABLE_OBJC_ARC = YES;
				CLANG_ENABLE_OBJC_WEAK = YES;
				CLANG_WARN_BLOCK_CAPTURE_AUTORELEASING = YES;
				CLANG_WARN_BOOL_CONVERSION = YES;
				CLANG_WARN_COMMA = YES;
				CLANG_WARN_CONSTANT_CONVERSION = YES;
				CLANG_WARN_DEPRECATED_OBJC_IMPLEMENTATIONS = YES;
				CLANG_WARN_DIRECT_OBJC_ISA_USAGE = YES_ERROR;
				CLANG_WARN_DOCUMENTATION_COMMENTS = YES;
				CLANG_WARN_EMPTY_BODY = YES;
				CLANG_WARN_ENUM_CONVERSION = YES;
				CLANG_WARN_INFINITE_RECURSION = YES;
				CLANG_WARN_INT_CONVERSION = YES;
				CLANG_WARN_NON_LITERAL_NULL_CONVERSION = YES;
				CLANG_WARN_OBJC_IMPLICIT_RETAIN_SELF = YES;
				CLANG_WARN_OBJC_LITERAL_CONVERSION = YES;
				CLANG_WARN_OBJC_ROOT_CLASS = YES_ERROR;
				CLANG_WARN_QUOTED_INCLUDE_IN_FRAMEWORK_HEADER = YES;
				CLANG_WARN_RANGE_LOOP_ANALYSIS = YES;
				CLANG_WARN_STRICT_PROTOTYPES = YES;
				CLANG_WARN_SUSPICIOUS_MOVE = YES;
				CLANG_WARN_UNGUARDED_AVAILABILITY = YES_AGGRESSIVE;
				CLANG_WARN_UNREACHABLE_CODE = YES;
				CLANG_WARN__DUPLICATE_METHOD_MATCH = YES;
				COPY_PHASE_STRIP = NO;
				DEBUG_INFORMATION_FORMAT = dwarf;
				ENABLE_STRICT_OBJC_MSGSEND = YES;
				ENABLE_TESTABILITY = YES;
				GCC_C_LANGUAGE_STANDARD = gnu11;
				GCC_DYNAMIC_NO_PIC = NO;
				GCC_NO_COMMON_BLOCKS = YES;
				GCC_OPTIMIZATION_LEVEL = 0;
				GCC_PREPROCESSOR_DEFINITIONS = (
					"DEBUG=1",
					"$(inherited)",
				);
				GCC_WARN_64_TO_32_BIT_CONVERSION = YES;
				GCC_WARN_ABOUT_RETURN_TYPE = YES_ERROR;
				GCC_WARN_UNDECLARED_SELECTOR = YES;
				GCC_WARN_UNINITIALIZED_AUTOS = YES_AGGRESSIVE;
				GCC_WARN_UNUSED_FUNCTION = YES;
				GCC_WARN_UNUSED_VARIABLE = YES;
				IPHONEOS_DEPLOYMENT_TARGET = 14.4;
				MTL_ENABLE_DEBUG_INFO = INCLUDE_SOURCE;
				MTL_FAST_MATH = YES;
				ONLY_ACTIVE_ARCH = YES;
				SDKROOT = iphoneos;
				SWIFT_ACTIVE_COMPILATION_CONDITIONS = DEBUG;
				SWIFT_OPTIMIZATION_LEVEL = "-Onone";
			};
			name = Debug;
		};
		A041DF8A26575B3800C41FEA /* Release */ = {
			isa = XCBuildConfiguration;
			buildSettings = {
				ALWAYS_SEARCH_USER_PATHS = NO;
				CLANG_ANALYZER_NONNULL = YES;
				CLANG_ANALYZER_NUMBER_OBJECT_CONVERSION = YES_AGGRESSIVE;
				CLANG_CXX_LANGUAGE_STANDARD = "gnu++14";
				CLANG_CXX_LIBRARY = "libc++";
				CLANG_ENABLE_MODULES = YES;
				CLANG_ENABLE_OBJC_ARC = YES;
				CLANG_ENABLE_OBJC_WEAK = YES;
				CLANG_WARN_BLOCK_CAPTURE_AUTORELEASING = YES;
				CLANG_WARN_BOOL_CONVERSION = YES;
				CLANG_WARN_COMMA = YES;
				CLANG_WARN_CONSTANT_CONVERSION = YES;
				CLANG_WARN_DEPRECATED_OBJC_IMPLEMENTATIONS = YES;
				CLANG_WARN_DIRECT_OBJC_ISA_USAGE = YES_ERROR;
				CLANG_WARN_DOCUMENTATION_COMMENTS = YES;
				CLANG_WARN_EMPTY_BODY = YES;
				CLANG_WARN_ENUM_CONVERSION = YES;
				CLANG_WARN_INFINITE_RECURSION = YES;
				CLANG_WARN_INT_CONVERSION = YES;
				CLANG_WARN_NON_LITERAL_NULL_CONVERSION = YES;
				CLANG_WARN_OBJC_IMPLICIT_RETAIN_SELF = YES;
				CLANG_WARN_OBJC_LITERAL_CONVERSION = YES;
				CLANG_WARN_OBJC_ROOT_CLASS = YES_ERROR;
				CLANG_WARN_QUOTED_INCLUDE_IN_FRAMEWORK_HEADER = YES;
				CLANG_WARN_RANGE_LOOP_ANALYSIS = YES;
				CLANG_WARN_STRICT_PROTOTYPES = YES;
				CLANG_WARN_SUSPICIOUS_MOVE = YES;
				CLANG_WARN_UNGUARDED_AVAILABILITY = YES_AGGRESSIVE;
				CLANG_WARN_UNREACHABLE_CODE = YES;
				CLANG_WARN__DUPLICATE_METHOD_MATCH = YES;
				COPY_PHASE_STRIP = NO;
				DEBUG_INFORMATION_FORMAT = "dwarf-with-dsym";
				ENABLE_NS_ASSERTIONS = NO;
				ENABLE_STRICT_OBJC_MSGSEND = YES;
				GCC_C_LANGUAGE_STANDARD = gnu11;
				GCC_NO_COMMON_BLOCKS = YES;
				GCC_WARN_64_TO_32_BIT_CONVERSION = YES;
				GCC_WARN_ABOUT_RETURN_TYPE = YES_ERROR;
				GCC_WARN_UNDECLARED_SELECTOR = YES;
				GCC_WARN_UNINITIALIZED_AUTOS = YES_AGGRESSIVE;
				GCC_WARN_UNUSED_FUNCTION = YES;
				GCC_WARN_UNUSED_VARIABLE = YES;
				IPHONEOS_DEPLOYMENT_TARGET = 14.4;
				MTL_ENABLE_DEBUG_INFO = NO;
				MTL_FAST_MATH = YES;
				SDKROOT = iphoneos;
				SWIFT_COMPILATION_MODE = wholemodule;
				SWIFT_OPTIMIZATION_LEVEL = "-O";
				VALIDATE_PRODUCT = YES;
			};
			name = Release;
		};
		A041DF8C26575B3800C41FEA /* Debug */ = {
			isa = XCBuildConfiguration;
			buildSettings = {
				ASSETCATALOG_COMPILER_APPICON_NAME = AppIcon;
				ASSETCATALOG_COMPILER_GLOBAL_ACCENT_COLOR_NAME = AccentColor;
				CODE_SIGN_STYLE = Automatic;
				DEVELOPMENT_TEAM = R83CU7AA2G;
				INFOPLIST_FILE = ToDoList/Info.plist;
				LD_RUNPATH_SEARCH_PATHS = (
					"$(inherited)",
					"@executable_path/Frameworks",
				);
				PRODUCT_BUNDLE_IDENTIFIER = com.Laiminh.ToDoList;
				PRODUCT_NAME = "$(TARGET_NAME)";
				SWIFT_VERSION = 5.0;
				TARGETED_DEVICE_FAMILY = "1,2";
			};
			name = Debug;
		};
		A041DF8D26575B3800C41FEA /* Release */ = {
			isa = XCBuildConfiguration;
			buildSettings = {
				ASSETCATALOG_COMPILER_APPICON_NAME = AppIcon;
				ASSETCATALOG_COMPILER_GLOBAL_ACCENT_COLOR_NAME = AccentColor;
				CODE_SIGN_STYLE = Automatic;
				DEVELOPMENT_TEAM = R83CU7AA2G;
				INFOPLIST_FILE = ToDoList/Info.plist;
				LD_RUNPATH_SEARCH_PATHS = (
					"$(inherited)",
					"@executable_path/Frameworks",
				);
				PRODUCT_BUNDLE_IDENTIFIER = com.Laiminh.ToDoList;
				PRODUCT_NAME = "$(TARGET_NAME)";
				SWIFT_VERSION = 5.0;
				TARGETED_DEVICE_FAMILY = "1,2";
			};
			name = Release;
		};
		A041DF8F26575B3800C41FEA /* Debug */ = {
			isa = XCBuildConfiguration;
			buildSettings = {
				ALWAYS_EMBED_SWIFT_STANDARD_LIBRARIES = YES;
				BUNDLE_LOADER = "$(TEST_HOST)";
				CODE_SIGN_STYLE = Automatic;
				DEVELOPMENT_TEAM = R83CU7AA2G;
				INFOPLIST_FILE = ToDoListTests/Info.plist;
				IPHONEOS_DEPLOYMENT_TARGET = 14.4;
				LD_RUNPATH_SEARCH_PATHS = (
					"$(inherited)",
					"@executable_path/Frameworks",
					"@loader_path/Frameworks",
				);
				PRODUCT_BUNDLE_IDENTIFIER = com.Laiminh.ToDoListTests;
				PRODUCT_NAME = "$(TARGET_NAME)";
				SWIFT_VERSION = 5.0;
				TARGETED_DEVICE_FAMILY = "1,2";
				TEST_HOST = "$(BUILT_PRODUCTS_DIR)/ToDoList.app/ToDoList";
			};
			name = Debug;
		};
		A041DF9026575B3800C41FEA /* Release */ = {
			isa = XCBuildConfiguration;
			buildSettings = {
				ALWAYS_EMBED_SWIFT_STANDARD_LIBRARIES = YES;
				BUNDLE_LOADER = "$(TEST_HOST)";
				CODE_SIGN_STYLE = Automatic;
				DEVELOPMENT_TEAM = R83CU7AA2G;
				INFOPLIST_FILE = ToDoListTests/Info.plist;
				IPHONEOS_DEPLOYMENT_TARGET = 14.4;
				LD_RUNPATH_SEARCH_PATHS = (
					"$(inherited)",
					"@executable_path/Frameworks",
					"@loader_path/Frameworks",
				);
				PRODUCT_BUNDLE_IDENTIFIER = com.Laiminh.ToDoListTests;
				PRODUCT_NAME = "$(TARGET_NAME)";
				SWIFT_VERSION = 5.0;
				TARGETED_DEVICE_FAMILY = "1,2";
				TEST_HOST = "$(BUILT_PRODUCTS_DIR)/ToDoList.app/ToDoList";
			};
			name = Release;
		};
		A041DF9226575B3800C41FEA /* Debug */ = {
			isa = XCBuildConfiguration;
			buildSettings = {
				ALWAYS_EMBED_SWIFT_STANDARD_LIBRARIES = YES;
				CODE_SIGN_STYLE = Automatic;
				DEVELOPMENT_TEAM = R83CU7AA2G;
				INFOPLIST_FILE = ToDoListUITests/Info.plist;
				LD_RUNPATH_SEARCH_PATHS = (
					"$(inherited)",
					"@executable_path/Frameworks",
					"@loader_path/Frameworks",
				);
				PRODUCT_BUNDLE_IDENTIFIER = com.Laiminh.ToDoListUITests;
				PRODUCT_NAME = "$(TARGET_NAME)";
				SWIFT_VERSION = 5.0;
				TARGETED_DEVICE_FAMILY = "1,2";
				TEST_TARGET_NAME = ToDoList;
			};
			name = Debug;
		};
		A041DF9326575B3800C41FEA /* Release */ = {
			isa = XCBuildConfiguration;
			buildSettings = {
				ALWAYS_EMBED_SWIFT_STANDARD_LIBRARIES = YES;
				CODE_SIGN_STYLE = Automatic;
				DEVELOPMENT_TEAM = R83CU7AA2G;
				INFOPLIST_FILE = ToDoListUITests/Info.plist;
				LD_RUNPATH_SEARCH_PATHS = (
					"$(inherited)",
					"@executable_path/Frameworks",
					"@loader_path/Frameworks",
				);
				PRODUCT_BUNDLE_IDENTIFIER = com.Laiminh.ToDoListUITests;
				PRODUCT_NAME = "$(TARGET_NAME)";
				SWIFT_VERSION = 5.0;
				TARGETED_DEVICE_FAMILY = "1,2";
				TEST_TARGET_NAME = ToDoList;
			};
			name = Release;
		};
/* End XCBuildConfiguration section */

/* Begin XCConfigurationList section */
		A041DF5926575B3700C41FEA /* Build configuration list for PBXProject "ToDoList" */ = {
			isa = XCConfigurationList;
			buildConfigurations = (
				A041DF8926575B3800C41FEA /* Debug */,
				A041DF8A26575B3800C41FEA /* Release */,
			);
			defaultConfigurationIsVisible = 0;
			defaultConfigurationName = Release;
		};
		A041DF8B26575B3800C41FEA /* Build configuration list for PBXNativeTarget "ToDoList" */ = {
			isa = XCConfigurationList;
			buildConfigurations = (
				A041DF8C26575B3800C41FEA /* Debug */,
				A041DF8D26575B3800C41FEA /* Release */,
			);
			defaultConfigurationIsVisible = 0;
			defaultConfigurationName = Release;
		};
		A041DF8E26575B3800C41FEA /* Build configuration list for PBXNativeTarget "ToDoListTests" */ = {
			isa = XCConfigurationList;
			buildConfigurations = (
				A041DF8F26575B3800C41FEA /* Debug */,
				A041DF9026575B3800C41FEA /* Release */,
			);
			defaultConfigurationIsVisible = 0;
			defaultConfigurationName = Release;
		};
		A041DF9126575B3800C41FEA /* Build configuration list for PBXNativeTarget "ToDoListUITests" */ = {
			isa = XCConfigurationList;
			buildConfigurations = (
				A041DF9226575B3800C41FEA /* Debug */,
				A041DF9326575B3800C41FEA /* Release */,
			);
			defaultConfigurationIsVisible = 0;
			defaultConfigurationName = Release;
		};
/* End XCConfigurationList section */

/* Begin XCVersionGroup section */
		A041DF6A26575B3700C41FEA /* ToDoList.xcdatamodeld */ = {
			isa = XCVersionGroup;
			children = (
				A041DF6B26575B3700C41FEA /* ToDoList.xcdatamodel */,
			);
			currentVersion = A041DF6B26575B3700C41FEA /* ToDoList.xcdatamodel */;
			path = ToDoList.xcdatamodeld;
			sourceTree = "<group>";
			versionGroupType = wrapper.xcdatamodel;
		};
/* End XCVersionGroup section */
	};
	rootObject = A041DF5626575B3700C41FEA /* Project object */;
}
